
Microsoft Visual Studio Solution File, Format Version 12.00
# Visual Studio Version 17
VisualStudioVersion = 17.6.33723.286
MinimumVisualStudioVersion = 10.0.40219.1
Project("{8BC9CEB8-8B4A-11D0-8D11-00A0C91BC942}") = "05_CudaOpencv", "05_CudaOpencv.vcxproj", "{5DC0B2C1-E394-4CAD-9CDA-FBE0CE65CAF6}"
EndProject
Global
	GlobalSection(SolutionConfigurationPlatforms) = preSolution
		Debug|x64 = Debug|x64
		Release|x64 = Release|x64
	EndGlobalSection
	GlobalSection(ProjectConfigurationPlatforms) = postSolution
		{5DC0B2C1-E394-4CAD-9CDA-FBE0CE65CAF6}.Debug|x64.ActiveCfg = Debug|x64
		{5DC0B2C1-E394-4CAD-9CDA-FBE0CE65CAF6}.Debug|x64.Build.0 = Debug|x64
		{5DC0B2C1-E394-4CAD-9CDA-FBE0CE65CAF6}.Release|x64.ActiveCfg = Release|x64
		{5DC0B2C1-E394-4CAD-9CDA-FBE0CE65CAF6}.Release|x64.Build.0 = Release|x64
	EndGlobalSection
	GlobalSection(SolutionProperties) = preSolution
		HideSolutionNode = FALSE
	EndGlobalSection
	GlobalSection(ExtensibilityGlobals) = postSolution
		SolutionGuid = {1604AC52-161B-4B1C-9A43-364707B5E355}
	EndGlobalSection
EndGlobal
